{
    "_meta": {
        "hash": {
            "sha256": "c897af26ab8173f7179d98dd637f8c9d3819a48c5c65eadec3f501a83e846a25"
        },
        "pipfile-spec": 6,
        "requires": {
            "python_version": "2.7"
        },
        "sources": [
            {
                "name": "pypi",
                "url": "https://mirrors.aliyun.com/pypi/simple/",
                "verify_ssl": true
            }
        ]
    },
    "default": {
        "django": {
            "hashes": [
                "sha256:b9806e0d598fd04b29b8ef35aea8c9308b3803c3ce8adab4d342db9cdfd42dfb",
                "sha256:e50c8d4653433413d26ecf25a84ccdcb9c7eac7cd1bb36eed4cd89c71f43064e"
            ],
            "version": "==1.9.8"
        },
        "pymysql": {
            "hashes": [
                "sha256:3943fbbbc1e902f41daf7f9165519f140c4451c179380677e6a848587042561a",
                "sha256:d8c059dcd81dedb85a9f034d5e22dcb4442c0b201908bede99e306d65ea7c8e7"
            ],
            "version": "==0.9.3"
        }
    },
    "develop": {}
}
